{
  "name": "moyuban.github.io",
  "lockfileVersion": 2,
  "requires": true,
  "packages": {
    "": {
      "dependencies": {
        "assemblyscript": "^0.19.20"
      },
      "devDependencies": {
        "@types/node": "^16.11.7"
      }
    },
    "node_modules/@types/node": {
      "version": "16.11.7",
      "resolved": "https://registry.npmjs.org/@types/node/-/node-16.11.7.tgz",
      "integrity": "sha512-QB5D2sqfSjCmTuWcBWyJ+/44bcjO7VbjSbOE0ucoVbAsSNQc4Lt6QkgkVXkTDwkL4z/beecZNDvVX15D4P8Jbw==",
      "dev": true
    },
    "node_modules/assemblyscript": {
      "version": "0.19.20",
      "resolved": "https://registry.npmmirror.com/assemblyscript/download/assemblyscript-0.19.20.tgz",
      "integrity": "sha512-uull/pqWqKZkBC8pQM+oujNoRKC4bN+gv/cJ2Dl71fOzvCXqQN+q/36RpMzN4v5nryt8XoKwXQ8dbv4zGU1nbQ==",
      "dependencies": {
        "binaryen": "102.0.0-nightly.20211028",
        "long": "^5.1.0",
        "source-map-support": "^0.5.20"
      },
      "bin": {
        "asc": "bin/asc",
        "asinit": "bin/asinit"
      },
      "funding": {
        "type": "opencollective",
        "url": "https://opencollective.com/assemblyscript"
      }
    },
    "node_modules/binaryen": {
      "version": "102.0.0-nightly.20211028",
      "resolved": "https://registry.npmmirror.com/binaryen/download/binaryen-102.0.0-nightly.20211028.tgz",
      "integrity": "sha1-jx77CSCv00UJ40Ljf4QxPsk2r7I=",
      "license": "Apache-2.0",
      "bin": {
        "wasm-opt": "bin/wasm-opt"
      }
    },
    "node_modules/buffer-from": {
      "version": "1.1.2",
      "resolved": "https://registry.npmmirror.com/buffer-from/download/buffer-from-1.1.2.tgz?cache=0&sync_timestamp=1632755025594&other_urls=https%3A%2F%2Fregistry.npmmirror.com%2Fbuffer-from%2Fdownload%2Fbuffer-from-1.1.2.tgz",
      "integrity": "sha1-KxRqb9cugLT1XSVfNe1Zo6mkG9U="
    },
    "node_modules/long": {
      "version": "5.1.0",
      "resolved": "https://registry.npmmirror.com/long/download/long-5.1.0.tgz",
      "integrity": "sha1-XAuC6u6lkHF2s0u9O9zRvyA7pxQ=",
      "license": "Apache-2.0"
    },
    "node_modules/source-map": {
      "version": "0.6.1",
      "resolved": "https://registry.npmmirror.com/source-map/download/source-map-0.6.1.tgz?cache=0&sync_timestamp=1632388784710&other_urls=https%3A%2F%2Fregistry.npmmirror.com%2Fsource-map%2Fdownload%2Fsource-map-0.6.1.tgz",
      "integrity": "sha1-dHIq8y6WFOnCh6jQu95IteLxomM=",
      "engines": {
        "node": ">=0.10.0"
      }
    },
    "node_modules/source-map-support": {
      "version": "0.5.20",
      "resolved": "https://registry.npmmirror.com/source-map-support/download/source-map-support-0.5.20.tgz",
      "integrity": "sha1-EhZgifj15ejFaSazd2Mzkt0stsk=",
      "dependencies": {
        "buffer-from": "^1.0.0",
        "source-map": "^0.6.0"
      }
    }
  },
  "dependencies": {
    "@types/node": {
      "version": "16.11.7",
      "resolved": "https://registry.npmjs.org/@types/node/-/node-16.11.7.tgz",
      "integrity": "sha512-QB5D2sqfSjCmTuWcBWyJ+/44bcjO7VbjSbOE0ucoVbAsSNQc4Lt6QkgkVXkTDwkL4z/beecZNDvVX15D4P8Jbw==",
      "dev": true
    },
    "assemblyscript": {
      "version": "0.19.20",
      "resolved": "https://registry.npmmirror.com/assemblyscript/download/assemblyscript-0.19.20.tgz",
      "integrity": "sha512-uull/pqWqKZkBC8pQM+oujNoRKC4bN+gv/cJ2Dl71fOzvCXqQN+q/36RpMzN4v5nryt8XoKwXQ8dbv4zGU1nbQ==",
      "requires": {
        "binaryen": "102.0.0-nightly.20211028",
        "long": "^5.1.0",
        "source-map-support": "^0.5.20"
      }
    },
    "binaryen": {
      "version": "102.0.0-nightly.20211028",
      "resolved": "https://registry.npmmirror.com/binaryen/download/binaryen-102.0.0-nightly.20211028.tgz",
      "integrity": "sha1-jx77CSCv00UJ40Ljf4QxPsk2r7I="
    },
    "buffer-from": {
      "version": "1.1.2",
      "resolved": "https://registry.npmmirror.com/buffer-from/download/buffer-from-1.1.2.tgz?cache=0&sync_timestamp=1632755025594&other_urls=https%3A%2F%2Fregistry.npmmirror.com%2Fbuffer-from%2Fdownload%2Fbuffer-from-1.1.2.tgz",
      "integrity": "sha1-KxRqb9cugLT1XSVfNe1Zo6mkG9U="
    },
    "long": {
      "version": "5.1.0",
      "resolved": "https://registry.npmmirror.com/long/download/long-5.1.0.tgz",
      "integrity": "sha1-XAuC6u6lkHF2s0u9O9zRvyA7pxQ="
    },
    "source-map": {
      "version": "0.6.1",
      "resolved": "https://registry.npmmirror.com/source-map/download/source-map-0.6.1.tgz?cache=0&sync_timestamp=1632388784710&other_urls=https%3A%2F%2Fregistry.npmmirror.com%2Fsource-map%2Fdownload%2Fsource-map-0.6.1.tgz",
      "integrity": "sha1-dHIq8y6WFOnCh6jQu95IteLxomM="
    },
    "source-map-support": {
      "version": "0.5.20",
      "resolved": "https://registry.npmmirror.com/source-map-support/download/source-map-support-0.5.20.tgz",
      "integrity": "sha1-EhZgifj15ejFaSazd2Mzkt0stsk=",
      "requires": {
        "buffer-from": "^1.0.0",
        "source-map": "^0.6.0"
      }
    }
  }
}
